<?xml version="1.0" encoding="utf-8"?>
<Project ToolsVersion="4.0" xmlns="http://schemas.microsoft.com/developer/msbuild/2003">
  <ItemGroup>
    <Filter Include="Source Files">
      <UniqueIdentifier>{4FC737F1-C7A5-4376-A066-2A32D752A2FF}</UniqueIdentifier>
      <Extensions>cpp;c;cc;cxx;def;odl;idl;hpj;bat;asm;asmx</Extensions>
    </Filter>
    <Filter Include="Header Files">
      <UniqueIdentifier>{93995380-89BD-4b04-88EB-625FBE52EBFB}</UniqueIdentifier>
      <Extensions>h;hpp;hxx;hm;inl;inc;xsd</Extensions>
    </Filter>
    <Filter Include="Resource Files">
      <UniqueIdentifier>{67DA6AB6-F800-4c08-8B7A-83BB121AAD01}</UniqueIdentifier>
      <Extensions>rc;ico;cur;bmp;dlg;rc2;rct;bin;rgs;gif;jpg;jpeg;jpe;resx;tiff;tif;png;wav;mfcribbon-ms</Extensions>
    </Filter>
  </ItemGroup>
  <ItemGroup>
    <ClInclude Include="..\source\include\server_base64.h">
      <Filter>Header Files</Filter>
    </ClInclude>
    <ClInclude Include="..\source\include\server_cgi_manager.h">
      <Filter>Header Files</Filter>
    </ClInclude>
    <ClInclude Include="..\source\include\server_core.h">
      <Filter>Header Files</Filter>
    </ClInclude>
    <ClInclude Include="..\source\include\server_create_session.h">
      <Filter>Header Files</Filter>
    </ClInclude>
    <ClInclude Include="..\source\include\server_files_io.h">
      <Filter>Header Files</Filter>
    </ClInclude>
    <ClInclude Include="..\source\include\server_htaccess_manager.h">
      <Filter>Header Files</Filter>
    </ClInclude>
    <ClInclude Include="..\source\include\server_http_protocol.h">
      <Filter>Header Files</Filter>
    </ClInclude>
    <ClInclude Include="..\source\include\server_log.h">
      <Filter>Header Files</Filter>
    </ClInclude>
    <ClInclude Include="..\source\include\server_mem_manager.h">
      <Filter>Header Files</Filter>
    </ClInclude>
    <ClInclude Include="..\source\include\server_mime_types.h">
      <Filter>Header Files</Filter>
    </ClInclude>
    <ClInclude Include="..\source\include\server_portable.h">
      <Filter>Header Files</Filter>
    </ClInclude>
    <ClInclude Include="..\source\include\server_shared.h">
      <Filter>Header Files</Filter>
    </ClInclude>
    <ClInclude Include="..\source\include\server_socket_io.h">
      <Filter>Header Files</Filter>
    </ClInclude>
    <ClInclude Include="..\source\include\server_strings_util.h">
      <Filter>Header Files</Filter>
    </ClInclude>
    <ClInclude Include="..\source\include\server_time_util.h">
      <Filter>Header Files</Filter>
    </ClInclude>
  </ItemGroup>
  <ItemGroup>
    <ClCompile Include="..\source\batteryServer.c">
      <Filter>Source Files</Filter>
    </ClCompile>
    <ClCompile Include="..\source\server_base64.c">
      <Filter>Source Files</Filter>
    </ClCompile>
    <ClCompile Include="..\source\server_cgi_manager.c">
      <Filter>Source Files</Filter>
    </ClCompile>
    <ClCompile Include="..\source\server_core.c">
      <Filter>Source Files</Filter>
    </ClCompile>
    <ClCompile Include="..\source\server_create_session.c">
      <Filter>Source Files</Filter>
    </ClCompile>
    <ClCompile Include="..\source\server_files_io.c">
      <Filter>Source Files</Filter>
    </ClCompile>
    <ClCompile Include="..\source\server_htaccess_manager.c">
      <Filter>Source Files</Filter>
    </ClCompile>
    <ClCompile Include="..\source\server_http_protocol.c">
      <Filter>Source Files</Filter>
    </ClCompile>
    <ClCompile Include="..\source\server_log.c">
      <Filter>Source Files</Filter>
    </ClCompile>
    <ClCompile Include="..\source\server_mem_manager.c">
      <Filter>Source Files</Filter>
    </ClCompile>
    <ClCompile Include="..\source\server_mime_types.c">
      <Filter>Source Files</Filter>
    </ClCompile>
    <ClCompile Include="..\source\server_socket_io.c">
      <Filter>Source Files</Filter>
    </ClCompile>
    <ClCompile Include="..\source\server_strings_util.c">
      <Filter>Source Files</Filter>
    </ClCompile>
    <ClCompile Include="..\source\server_time_util.c">
      <Filter>Source Files</Filter>
    </ClCompile>
  </ItemGroup>
</Project>